
Microsoft Visual Studio Solution File, Format Version 12.00
# Visual Studio 15
VisualStudioVersion = 15.0.27428.2043
MinimumVisualStudioVersion = 10.0.40219.1
Project("{9A19103F-16F7-4668-BE54-9A1E7A4F7556}") = "CloudKit.SteamKit", "CloudKit.SteamKit\CloudKit.SteamKit.csproj", "{80243D09-BA4E-47A2-8DE0-CEC25DF87D63}"
EndProject
Project("{9A19103F-16F7-4668-BE54-9A1E7A4F7556}") = "CloudKit.Cli", "CloudKit.Cli\CloudKit.Cli.csproj", "{61314603-831A-4992-91C6-A7C4C49FECFE}"
EndProject
Global
	GlobalSection(SolutionConfigurationPlatforms) = preSolution
		Debug|Any CPU = Debug|Any CPU
		Release|Any CPU = Release|Any CPU
	EndGlobalSection
	GlobalSection(ProjectConfigurationPlatforms) = postSolution
		{80243D09-BA4E-47A2-8DE0-CEC25DF87D63}.Debug|Any CPU.ActiveCfg = Debug|Any CPU
		{80243D09-BA4E-47A2-8DE0-CEC25DF87D63}.Debug|Any CPU.Build.0 = Debug|Any CPU
		{80243D09-BA4E-47A2-8DE0-CEC25DF87D63}.Release|Any CPU.ActiveCfg = Release|Any CPU
		{80243D09-BA4E-47A2-8DE0-CEC25DF87D63}.Release|Any CPU.Build.0 = Release|Any CPU
		{61314603-831A-4992-91C6-A7C4C49FECFE}.Debug|Any CPU.ActiveCfg = Debug|Any CPU
		{61314603-831A-4992-91C6-A7C4C49FECFE}.Debug|Any CPU.Build.0 = Debug|Any CPU
		{61314603-831A-4992-91C6-A7C4C49FECFE}.Release|Any CPU.ActiveCfg = Release|Any CPU
		{61314603-831A-4992-91C6-A7C4C49FECFE}.Release|Any CPU.Build.0 = Release|Any CPU
	EndGlobalSection
	GlobalSection(SolutionProperties) = preSolution
		HideSolutionNode = FALSE
	EndGlobalSection
	GlobalSection(ExtensibilityGlobals) = postSolution
		SolutionGuid = {E60EABB7-8B7B-413A-A67D-5FEBDE065E04}
	EndGlobalSection
EndGlobal
